
Microsoft Visual Studio Solution File, Format Version 12.00
# Visual Studio Version 16
VisualStudioVersion = 16.0.29609.76
MinimumVisualStudioVersion = 10.0.40219.1
Project("{9A19103F-16F7-4668-BE54-9A1E7A4F7556}") = "BWC.DBCore", "BWC.DBCore\BWC.DBCore.csproj", "{67C1BE81-2BEC-4CB0-B4D2-58764CD6C8A7}"
EndProject
Project("{9A19103F-16F7-4668-BE54-9A1E7A4F7556}") = "BWC.Utilities", "BWC.Utilities\BWC.Utilities.csproj", "{472A20C2-08D6-4C86-8839-68608C24B036}"
EndProject
Project("{9A19103F-16F7-4668-BE54-9A1E7A4F7556}") = "BWC.Models", "BWC.Models\BWC.Models.csproj", "{ED12D978-56C5-4C57-847A-ADD68467FF67}"
EndProject
Project("{9A19103F-16F7-4668-BE54-9A1E7A4F7556}") = "BWC.Services", "BWC.Services\BWC.Services.csproj", "{76BDAE9C-FD4F-4166-9BA3-4E81561972C1}"
EndProject
Project("{FAE04EC0-301F-11D3-BF4B-00C04F79EFBC}") = "BWC.Web", "Web\BWC.Web.csproj", "{DF258FD3-094B-4EEF-B872-512946F5C576}"
EndProject
Global
	GlobalSection(SolutionConfigurationPlatforms) = preSolution
		Debug|Any CPU = Debug|Any CPU
		Release|Any CPU = Release|Any CPU
	EndGlobalSection
	GlobalSection(ProjectConfigurationPlatforms) = postSolution
		{67C1BE81-2BEC-4CB0-B4D2-58764CD6C8A7}.Debug|Any CPU.ActiveCfg = Debug|Any CPU
		{67C1BE81-2BEC-4CB0-B4D2-58764CD6C8A7}.Debug|Any CPU.Build.0 = Debug|Any CPU
		{67C1BE81-2BEC-4CB0-B4D2-58764CD6C8A7}.Release|Any CPU.ActiveCfg = Release|Any CPU
		{67C1BE81-2BEC-4CB0-B4D2-58764CD6C8A7}.Release|Any CPU.Build.0 = Release|Any CPU
		{472A20C2-08D6-4C86-8839-68608C24B036}.Debug|Any CPU.ActiveCfg = Debug|Any CPU
		{472A20C2-08D6-4C86-8839-68608C24B036}.Debug|Any CPU.Build.0 = Debug|Any CPU
		{472A20C2-08D6-4C86-8839-68608C24B036}.Release|Any CPU.ActiveCfg = Release|Any CPU
		{472A20C2-08D6-4C86-8839-68608C24B036}.Release|Any CPU.Build.0 = Release|Any CPU
		{ED12D978-56C5-4C57-847A-ADD68467FF67}.Debug|Any CPU.ActiveCfg = Debug|Any CPU
		{ED12D978-56C5-4C57-847A-ADD68467FF67}.Debug|Any CPU.Build.0 = Debug|Any CPU
		{ED12D978-56C5-4C57-847A-ADD68467FF67}.Release|Any CPU.ActiveCfg = Release|Any CPU
		{ED12D978-56C5-4C57-847A-ADD68467FF67}.Release|Any CPU.Build.0 = Release|Any CPU
		{76BDAE9C-FD4F-4166-9BA3-4E81561972C1}.Debug|Any CPU.ActiveCfg = Debug|Any CPU
		{76BDAE9C-FD4F-4166-9BA3-4E81561972C1}.Debug|Any CPU.Build.0 = Debug|Any CPU
		{76BDAE9C-FD4F-4166-9BA3-4E81561972C1}.Release|Any CPU.ActiveCfg = Release|Any CPU
		{76BDAE9C-FD4F-4166-9BA3-4E81561972C1}.Release|Any CPU.Build.0 = Release|Any CPU
		{DF258FD3-094B-4EEF-B872-512946F5C576}.Debug|Any CPU.ActiveCfg = Debug|Any CPU
		{DF258FD3-094B-4EEF-B872-512946F5C576}.Debug|Any CPU.Build.0 = Debug|Any CPU
		{DF258FD3-094B-4EEF-B872-512946F5C576}.Release|Any CPU.ActiveCfg = Release|Any CPU
		{DF258FD3-094B-4EEF-B872-512946F5C576}.Release|Any CPU.Build.0 = Release|Any CPU
	EndGlobalSection
	GlobalSection(SolutionProperties) = preSolution
		HideSolutionNode = FALSE
	EndGlobalSection
	GlobalSection(ExtensibilityGlobals) = postSolution
		SolutionGuid = {A31C822D-7E44-4537-9E0A-CB8BCE028024}
	EndGlobalSection
EndGlobal
